
Microsoft Visual Studio Solution File, Format Version 12.00
# Visual Studio Version 17
VisualStudioVersion = 17.7.34024.191
MinimumVisualStudioVersion = 10.0.40219.1
Project("{FAE04EC0-301F-11D3-BF4B-00C04F79EFBC}") = "Day7", "Day7.csproj", "{1E46AA61-CA6D-4C16-9360-8A94A41A6079}"
EndProject
Global
	GlobalSection(SolutionConfigurationPlatforms) = preSolution
		Debug|Any CPU = Debug|Any CPU
		Release|Any CPU = Release|Any CPU
	EndGlobalSection
	GlobalSection(ProjectConfigurationPlatforms) = postSolution
		{1E46AA61-CA6D-4C16-9360-8A94A41A6079}.Debug|Any CPU.ActiveCfg = Debug|Any CPU
		{1E46AA61-CA6D-4C16-9360-8A94A41A6079}.Debug|Any CPU.Build.0 = Debug|Any CPU
		{1E46AA61-CA6D-4C16-9360-8A94A41A6079}.Release|Any CPU.ActiveCfg = Release|Any CPU
		{1E46AA61-CA6D-4C16-9360-8A94A41A6079}.Release|Any CPU.Build.0 = Release|Any CPU
	EndGlobalSection
	GlobalSection(SolutionProperties) = preSolution
		HideSolutionNode = FALSE
	EndGlobalSection
	GlobalSection(ExtensibilityGlobals) = postSolution
		SolutionGuid = {C6CE591F-27C1-4E32-A8EC-3307B51590CF}
	EndGlobalSection
EndGlobal
