
Microsoft Visual Studio Solution File, Format Version 12.00
# Visual Studio Version 17
VisualStudioVersion = 17.7.34024.191
MinimumVisualStudioVersion = 10.0.40219.1
Project("{FAE04EC0-301F-11D3-BF4B-00C04F79EFBC}") = "Q4_ThreeCharacters", "Q4_ThreeCharacters\Q4_ThreeCharacters.csproj", "{906F8F41-0392-4356-AC75-9D36F8273108}"
EndProject
Global
	GlobalSection(SolutionConfigurationPlatforms) = preSolution
		Debug|Any CPU = Debug|Any CPU
		Release|Any CPU = Release|Any CPU
	EndGlobalSection
	GlobalSection(ProjectConfigurationPlatforms) = postSolution
		{906F8F41-0392-4356-AC75-9D36F8273108}.Debug|Any CPU.ActiveCfg = Debug|Any CPU
		{906F8F41-0392-4356-AC75-9D36F8273108}.Debug|Any CPU.Build.0 = Debug|Any CPU
		{906F8F41-0392-4356-AC75-9D36F8273108}.Release|Any CPU.ActiveCfg = Release|Any CPU
		{906F8F41-0392-4356-AC75-9D36F8273108}.Release|Any CPU.Build.0 = Release|Any CPU
	EndGlobalSection
	GlobalSection(SolutionProperties) = preSolution
		HideSolutionNode = FALSE
	EndGlobalSection
	GlobalSection(ExtensibilityGlobals) = postSolution
		SolutionGuid = {AB1421D6-1B86-4E40-9D11-1D2E204A7A25}
	EndGlobalSection
EndGlobal
