
Microsoft Visual Studio Solution File, Format Version 12.00
# Visual Studio Version 17
VisualStudioVersion = 17.7.34024.191
MinimumVisualStudioVersion = 10.0.40219.1
Project("{FAE04EC0-301F-11D3-BF4B-00C04F79EFBC}") = "WorkingWithSortedList", "WorkingWithSortedList.csproj", "{53C3BBFA-C754-4EC7-9992-A07941AA58EC}"
EndProject
Global
	GlobalSection(SolutionConfigurationPlatforms) = preSolution
		Debug|Any CPU = Debug|Any CPU
		Release|Any CPU = Release|Any CPU
	EndGlobalSection
	GlobalSection(ProjectConfigurationPlatforms) = postSolution
		{53C3BBFA-C754-4EC7-9992-A07941AA58EC}.Debug|Any CPU.ActiveCfg = Debug|Any CPU
		{53C3BBFA-C754-4EC7-9992-A07941AA58EC}.Debug|Any CPU.Build.0 = Debug|Any CPU
		{53C3BBFA-C754-4EC7-9992-A07941AA58EC}.Release|Any CPU.ActiveCfg = Release|Any CPU
		{53C3BBFA-C754-4EC7-9992-A07941AA58EC}.Release|Any CPU.Build.0 = Release|Any CPU
	EndGlobalSection
	GlobalSection(SolutionProperties) = preSolution
		HideSolutionNode = FALSE
	EndGlobalSection
	GlobalSection(ExtensibilityGlobals) = postSolution
		SolutionGuid = {E4EDDBBB-27F5-470C-AD6B-E464E09AD12C}
	EndGlobalSection
EndGlobal
