
Microsoft Visual Studio Solution File, Format Version 12.00
# Visual Studio Version 17
VisualStudioVersion = 17.7.34024.191
MinimumVisualStudioVersion = 10.0.40219.1
Project("{FAE04EC0-301F-11D3-BF4B-00C04F79EFBC}") = "Day 3", "Day 3.csproj", "{06C4EB40-5759-48B8-B855-41776FBE6BE6}"
EndProject
Global
	GlobalSection(SolutionConfigurationPlatforms) = preSolution
		Debug|Any CPU = Debug|Any CPU
		Release|Any CPU = Release|Any CPU
	EndGlobalSection
	GlobalSection(ProjectConfigurationPlatforms) = postSolution
		{06C4EB40-5759-48B8-B855-41776FBE6BE6}.Debug|Any CPU.ActiveCfg = Debug|Any CPU
		{06C4EB40-5759-48B8-B855-41776FBE6BE6}.Debug|Any CPU.Build.0 = Debug|Any CPU
		{06C4EB40-5759-48B8-B855-41776FBE6BE6}.Release|Any CPU.ActiveCfg = Release|Any CPU
		{06C4EB40-5759-48B8-B855-41776FBE6BE6}.Release|Any CPU.Build.0 = Release|Any CPU
	EndGlobalSection
	GlobalSection(SolutionProperties) = preSolution
		HideSolutionNode = FALSE
	EndGlobalSection
	GlobalSection(ExtensibilityGlobals) = postSolution
		SolutionGuid = {56C3433A-6BFB-4D96-B207-06082DAEDA7C}
	EndGlobalSection
EndGlobal
